
Microsoft Visual Studio Solution File, Format Version 12.00
# Visual Studio 15
VisualStudioVersion = 15.0.27130.2010
MinimumVisualStudioVersion = 10.0.40219.1
Project("{9092AA53-FB77-4645-B42D-1CCCA6BD08BD}") = "Orange Secrets", "Orange Secrets\Orange Secrets.njsproj", "{9939E15F-3A8A-486A-9764-83038B73EF81}"
EndProject
Global
	GlobalSection(SolutionConfigurationPlatforms) = preSolution
		Debug|Any CPU = Debug|Any CPU
		Release|Any CPU = Release|Any CPU
	EndGlobalSection
	GlobalSection(ProjectConfigurationPlatforms) = postSolution
		{9939E15F-3A8A-486A-9764-83038B73EF81}.Debug|Any CPU.ActiveCfg = Debug|Any CPU
		{9939E15F-3A8A-486A-9764-83038B73EF81}.Debug|Any CPU.Build.0 = Debug|Any CPU
		{9939E15F-3A8A-486A-9764-83038B73EF81}.Release|Any CPU.ActiveCfg = Release|Any CPU
		{9939E15F-3A8A-486A-9764-83038B73EF81}.Release|Any CPU.Build.0 = Release|Any CPU
	EndGlobalSection
	GlobalSection(SolutionProperties) = preSolution
		HideSolutionNode = FALSE
	EndGlobalSection
	GlobalSection(ExtensibilityGlobals) = postSolution
		SolutionGuid = {98B59A57-4AB0-452C-9888-6BED84F490B8}
	EndGlobalSection
EndGlobal
